// !$*UTF8*$!
{
	archiveVersion = 1;
	classes = {
	};
	objectVersion = 50;
	objects = {

/* Begin PBXBuildFile section */
		A47D9507269C866C0021F725 /* AppDelegate.swift in Sources */ = {isa = PBXBuildFile; fileRef = A47D9506269C866C0021F725 /* AppDelegate.swift */; };
		A47D9509269C866C0021F725 /* SceneDelegate.swift in Sources */ = {isa = PBXBuildFile; fileRef = A47D9508269C866C0021F725 /* SceneDelegate.swift */; };
		A47D950B269C866C0021F725 /* ContentView.swift in Sources */ = {isa = PBXBuildFile; fileRef = A47D950A269C866C0021F725 /* ContentView.swift */; };
		A47D950D269C866D0021F725 /* Assets.xcassets in Resources */ = {isa = PBXBuildFile; fileRef = A47D950C269C866D0021F725 /* Assets.xcassets */; };
		A47D9510269C866D0021F725 /* Preview Assets.xcassets in Resources */ = {isa = PBXBuildFile; fileRef = A47D950F269C866D0021F725 /* Preview Assets.xcassets */; };
		A47D9513269C866D0021F725 /* LaunchScreen.storyboard in Resources */ = {isa = PBXBuildFile; fileRef = A47D9511269C866D0021F725 /* LaunchScreen.storyboard */; };
		A4AC5DEC269CBAD500817234 /* Travis_TestTests.swift in Sources */ = {isa = PBXBuildFile; fileRef = A4AC5DEB269CBAD500817234 /* Travis_TestTests.swift */; };
/* End PBXBuildFile section */

/* Begin PBXContainerItemProxy section */
		A4AC5DEE269CBAD500817234 /* PBXContainerItemProxy */ = {
			isa = PBXContainerItemProxy;
			containerPortal = A47D94FB269C866C0021F725 /* Project object */;
			proxyType = 1;
			remoteGlobalIDString = A47D9502269C866C0021F725;
			remoteInfo = "Travis Test";
		};
/* End PBXContainerItemProxy section */

/* Begin PBXFileReference section */
		A47D9503269C866C0021F725 /* Travis Test.app */ = {isa = PBXFileReference; explicitFileType = wrapper.application; includeInIndex = 0; path = "Travis Test.app"; sourceTree = BUILT_PRODUCTS_DIR; };
		A47D9506269C866C0021F725 /* AppDelegate.swift */ = {isa = PBXFileReference; lastKnownFileType = sourcecode.swift; path = AppDelegate.swift; sourceTree = "<group>"; };
		A47D9508269C866C0021F725 /* SceneDelegate.swift */ = {isa = PBXFileReference; lastKnownFileType = sourcecode.swift; path = SceneDelegate.swift; sourceTree = "<group>"; };
		A47D950A269C866C0021F725 /* ContentView.swift */ = {isa = PBXFileReference; lastKnownFileType = sourcecode.swift; path = ContentView.swift; sourceTree = "<group>"; };
		A47D950C269C866D0021F725 /* Assets.xcassets */ = {isa = PBXFileReference; lastKnownFileType = folder.assetcatalog; path = Assets.xcassets; sourceTree = "<group>"; };
		A47D950F269C866D0021F725 /* Preview Assets.xcassets */ = {isa = PBXFileReference; lastKnownFileType = folder.assetcatalog; path = "Preview Assets.xcassets"; sourceTree = "<group>"; };
		A47D9512269C866D0021F725 /* Base */ = {isa = PBXFileReference; lastKnownFileType = file.storyboard; name = Base; path = Base.lproj/LaunchScreen.storyboard; sourceTree = "<group>"; };
		A47D9514269C866D0021F725 /* Info.plist */ = {isa = PBXFileReference; lastKnownFileType = text.plist.xml; path = Info.plist; sourceTree = "<group>"; };
		A4AC5DE9269CBAD500817234 /* Travis TestTests.xctest */ = {isa = PBXFileReference; explicitFileType = wrapper.cfbundle; includeInIndex = 0; path = "Travis TestTests.xctest"; sourceTree = BUILT_PRODUCTS_DIR; };
		A4AC5DEB269CBAD500817234 /* Travis_TestTests.swift */ = {isa = PBXFileReference; lastKnownFileType = sourcecode.swift; path = Travis_TestTests.swift; sourceTree = "<group>"; };
		A4AC5DED269CBAD500817234 /* Info.plist */ = {isa = PBXFileReference; lastKnownFileType = text.plist.xml; path = Info.plist; sourceTree = "<group>"; };
/* End PBXFileReference section */

/* Begin PBXFrameworksBuildPhase section */
		A47D9500269C866C0021F725 /* Frameworks */ = {
			isa = PBXFrameworksBuildPhase;
			buildActionMask = 2147483647;
			files = (
			);
			runOnlyForDeploymentPostprocessing = 0;
		};
		A4AC5DE6269CBAD500817234 /* Frameworks */ = {
			isa = PBXFrameworksBuildPhase;
			buildActionMask = 2147483647;
			files = (
			);
			runOnlyForDeploymentPostprocessing = 0;
		};
/* End PBXFrameworksBuildPhase section */

/* Begin PBXGroup section */
		A47D94FA269C866C0021F725 = {
			isa = PBXGroup;
			children = (
				A47D9505269C866C0021F725 /* Travis Test */,
				A4AC5DEA269CBAD500817234 /* Travis TestTests */,
				A47D9504269C866C0021F725 /* Products */,
			);
			sourceTree = "<group>";
		};
		A47D9504269C866C0021F725 /* Products */ = {
			isa = PBXGroup;
			children = (
				A47D9503269C866C0021F725 /* Travis Test.app */,
				A4AC5DE9269CBAD500817234 /* Travis TestTests.xctest */,
			);
			name = Products;
			sourceTree = "<group>";
		};
		A47D9505269C866C0021F725 /* Travis Test */ = {
			isa = PBXGroup;
			children = (
				A47D9506269C866C0021F725 /* AppDelegate.swift */,
				A47D9508269C866C0021F725 /* SceneDelegate.swift */,
				A47D950A269C866C0021F725 /* ContentView.swift */,
				A47D950C269C866D0021F725 /* Assets.xcassets */,
				A47D9511269C866D0021F725 /* LaunchScreen.storyboard */,
				A47D9514269C866D0021F725 /* Info.plist */,
				A47D950E269C866D0021F725 /* Preview Content */,
			);
			path = "Travis Test";
			sourceTree = "<group>";
		};
		A47D950E269C866D0021F725 /* Preview Content */ = {
			isa = PBXGroup;
			children = (
				A47D950F269C866D0021F725 /* Preview Assets.xcassets */,
			);
			path = "Preview Content";
			sourceTree = "<group>";
		};
		A4AC5DEA269CBAD500817234 /* Travis TestTests */ = {
			isa = PBXGroup;
			children = (
				A4AC5DEB269CBAD500817234 /* Travis_TestTests.swift */,
				A4AC5DED269CBAD500817234 /* Info.plist */,
			);
			path = "Travis TestTests";
			sourceTree = "<group>";
		};
/* End PBXGroup section */

/* Begin PBXNativeTarget section */
		A47D9502269C866C0021F725 /* Travis Test */ = {
			isa = PBXNativeTarget;
			buildConfigurationList = A47D9517269C866D0021F725 /* Build configuration list for PBXNativeTarget "Travis Test" */;
			buildPhases = (
				A47D94FF269C866C0021F725 /* Sources */,
				A47D9500269C866C0021F725 /* Frameworks */,
				A47D9501269C866C0021F725 /* Resources */,
			);
			buildRules = (
			);
			dependencies = (
			);
			name = "Travis Test";
			productName = "Travis Test";
			productReference = A47D9503269C866C0021F725 /* Travis Test.app */;
			productType = "com.apple.product-type.application";
		};
		A4AC5DE8269CBAD500817234 /* Travis TestTests */ = {
			isa = PBXNativeTarget;
			buildConfigurationList = A4AC5DF2269CBAD500817234 /* Build configuration list for PBXNativeTarget "Travis TestTests" */;
			buildPhases = (
				A4AC5DE5269CBAD500817234 /* Sources */,
				A4AC5DE6269CBAD500817234 /* Frameworks */,
				A4AC5DE7269CBAD500817234 /* Resources */,
			);
			buildRules = (
			);
			dependencies = (
				A4AC5DEF269CBAD500817234 /* PBXTargetDependency */,
			);
			name = "Travis TestTests";
			productName = "Travis TestTests";
			productReference = A4AC5DE9269CBAD500817234 /* Travis TestTests.xctest */;
			productType = "com.apple.product-type.bundle.unit-test";
		};
/* End PBXNativeTarget section */

/* Begin PBXProject section */
		A47D94FB269C866C0021F725 /* Project object */ = {
			isa = PBXProject;
			attributes = {
				LastSwiftUpdateCheck = 1240;
				LastUpgradeCheck = 1240;
				TargetAttributes = {
					A47D9502269C866C0021F725 = {
						CreatedOnToolsVersion = 12.4;
					};
					A4AC5DE8269CBAD500817234 = {
						CreatedOnToolsVersion = 12.4;
						TestTargetID = A47D9502269C866C0021F725;
					};
				};
			};
			buildConfigurationList = A47D94FE269C866C0021F725 /* Build configuration list for PBXProject "Travis Test" */;
			compatibilityVersion = "Xcode 9.3";
			developmentRegion = en;
			hasScannedForEncodings = 0;
			knownRegions = (
				en,
				Base,
			);
			mainGroup = A47D94FA269C866C0021F725;
			productRefGroup = A47D9504269C866C0021F725 /* Products */;
			projectDirPath = "";
			projectRoot = "";
			targets = (
				A47D9502269C866C0021F725 /* Travis Test */,
				A4AC5DE8269CBAD500817234 /* Travis TestTests */,
			);
		};
/* End PBXProject section */

/* Begin PBXResourcesBuildPhase section */
		A47D9501269C866C0021F725 /* Resources */ = {
			isa = PBXResourcesBuildPhase;
			buildActionMask = 2147483647;
			files = (
				A47D9513269C866D0021F725 /* LaunchScreen.storyboard in Resources */,
				A47D9510269C866D0021F725 /* Preview Assets.xcassets in Resources */,
				A47D950D269C866D0021F725 /* Assets.xcassets in Resources */,
			);
			runOnlyForDeploymentPostprocessing = 0;
		};
		A4AC5DE7269CBAD500817234 /* Resources */ = {
			isa = PBXResourcesBuildPhase;
			buildActionMask = 2147483647;
			files = (
			);
			runOnlyForDeploymentPostprocessing = 0;
		};
/* End PBXResourcesBuildPhase section */

/* Begin PBXSourcesBuildPhase section */
		A47D94FF269C866C0021F725 /* Sources */ = {
			isa = PBXSourcesBuildPhase;
			buildActionMask = 2147483647;
			files = (
				A47D9507269C866C0021F725 /* AppDelegate.swift in Sources */,
				A47D9509269C866C0021F725 /* SceneDelegate.swift in Sources */,
				A47D950B269C866C0021F725 /* ContentView.swift in Sources */,
			);
			runOnlyForDeploymentPostprocessing = 0;
		};
		A4AC5DE5269CBAD500817234 /* Sources */ = {
			isa = PBXSourcesBuildPhase;
			buildActionMask = 2147483647;
			files = (
				A4AC5DEC269CBAD500817234 /* Travis_TestTests.swift in Sources */,
			);
			runOnlyForDeploymentPostprocessing = 0;
		};
/* End PBXSourcesBuildPhase section */

/* Begin PBXTargetDependency section */
		A4AC5DEF269CBAD500817234 /* PBXTargetDependency */ = {
			isa = PBXTargetDependency;
			target = A47D9502269C866C0021F725 /* Travis Test */;
			targetProxy = A4AC5DEE269CBAD500817234 /* PBXContainerItemProxy */;
		};
/* End PBXTargetDependency section */

/* Begin PBXVariantGroup section */
		A47D9511269C866D0021F725 /* LaunchScreen.storyboard */ = {
			isa = PBXVariantGroup;
			children = (
				A47D9512269C866D0021F725 /* Base */,
			);
			name = LaunchScreen.storyboard;
			sourceTree = "<group>";
		};
/* End PBXVariantGroup section */

/* Begin XCBuildConfiguration section */
		A47D9515269C866D0021F725 /* Debug */ = {
			isa = XCBuildConfiguration;
			buildSettings = {
				ALWAYS_SEARCH_USER_PATHS = NO;
				CLANG_ANALYZER_NONNULL = YES;
				CLANG_ANALYZER_NUMBER_OBJECT_CONVERSION = YES_AGGRESSIVE;
				CLANG_CXX_LANGUAGE_STANDARD = "gnu++14";
				CLANG_CXX_LIBRARY = "libc++";
				CLANG_ENABLE_MODULES = YES;
				CLANG_ENABLE_OBJC_ARC = YES;
				CLANG_ENABLE_OBJC_WEAK = YES;
				CLANG_WARN_BLOCK_CAPTURE_AUTORELEASING = YES;
				CLANG_WARN_BOOL_CONVERSION = YES;
				CLANG_WARN_COMMA = YES;
				CLANG_WARN_CONSTANT_CONVERSION = YES;
				CLANG_WARN_DEPRECATED_OBJC_IMPLEMENTATIONS = YES;
				CLANG_WARN_DIRECT_OBJC_ISA_USAGE = YES_ERROR;
				CLANG_WARN_DOCUMENTATION_COMMENTS = YES;
				CLANG_WARN_EMPTY_BODY = YES;
				CLANG_WARN_ENUM_CONVERSION = YES;
				CLANG_WARN_INFINITE_RECURSION = YES;
				CLANG_WARN_INT_CONVERSION = YES;
				CLANG_WARN_NON_LITERAL_NULL_CONVERSION = YES;
				CLANG_WARN_OBJC_IMPLICIT_RETAIN_SELF = YES;
				CLANG_WARN_OBJC_LITERAL_CONVERSION = YES;
				CLANG_WARN_OBJC_ROOT_CLASS = YES_ERROR;
				CLANG_WARN_QUOTED_INCLUDE_IN_FRAMEWORK_HEADER = YES;
				CLANG_WARN_RANGE_LOOP_ANALYSIS = YES;
				CLANG_WARN_STRICT_PROTOTYPES = YES;
				CLANG_WARN_SUSPICIOUS_MOVE = YES;
				CLANG_WARN_UNGUARDED_AVAILABILITY = YES_AGGRESSIVE;
				CLANG_WARN_UNREACHABLE_CODE = YES;
				CLANG_WARN__DUPLICATE_METHOD_MATCH = YES;
				COPY_PHASE_STRIP = NO;
				DEBUG_INFORMATION_FORMAT = dwarf;
				ENABLE_STRICT_OBJC_MSGSEND = YES;
				ENABLE_TESTABILITY = YES;
				GCC_C_LANGUAGE_STANDARD = gnu11;
				GCC_DYNAMIC_NO_PIC = NO;
				GCC_NO_COMMON_BLOCKS = YES;
				GCC_OPTIMIZATION_LEVEL = 0;
				GCC_PREPROCESSOR_DEFINITIONS = (
					"DEBUG=1",
					"$(inherited)",
				);
				GCC_WARN_64_TO_32_BIT_CONVERSION = YES;
				GCC_WARN_ABOUT_RETURN_TYPE = YES_ERROR;
				GCC_WARN_UNDECLARED_SELECTOR = YES;
				GCC_WARN_UNINITIALIZED_AUTOS = YES_AGGRESSIVE;
				GCC_WARN_UNUSED_FUNCTION = YES;
				GCC_WARN_UNUSED_VARIABLE = YES;
				IPHONEOS_DEPLOYMENT_TARGET = 14.4;
				MTL_ENABLE_DEBUG_INFO = INCLUDE_SOURCE;
				MTL_FAST_MATH = YES;
				ONLY_ACTIVE_ARCH = YES;
				SDKROOT = iphoneos;
				SWIFT_ACTIVE_COMPILATION_CONDITIONS = DEBUG;
				SWIFT_OPTIMIZATION_LEVEL = "-Onone";
			};
			name = Debug;
		};
		A47D9516269C866D0021F725 /* Release */ = {
			isa = XCBuildConfiguration;
			buildSettings = {
				ALWAYS_SEARCH_USER_PATHS = NO;
				CLANG_ANALYZER_NONNULL = YES;
				CLANG_ANALYZER_NUMBER_OBJECT_CONVERSION = YES_AGGRESSIVE;
				CLANG_CXX_LANGUAGE_STANDARD = "gnu++14";
				CLANG_CXX_LIBRARY = "libc++";
				CLANG_ENABLE_MODULES = YES;
				CLANG_ENABLE_OBJC_ARC = YES;
				CLANG_ENABLE_OBJC_WEAK = YES;
				CLANG_WARN_BLOCK_CAPTURE_AUTORELEASING = YES;
				CLANG_WARN_BOOL_CONVERSION = YES;
				CLANG_WARN_COMMA = YES;
				CLANG_WARN_CONSTANT_CONVERSION = YES;
				CLANG_WARN_DEPRECATED_OBJC_IMPLEMENTATIONS = YES;
				CLANG_WARN_DIRECT_OBJC_ISA_USAGE = YES_ERROR;
				CLANG_WARN_DOCUMENTATION_COMMENTS = YES;
				CLANG_WARN_EMPTY_BODY = YES;
				CLANG_WARN_ENUM_CONVERSION = YES;
				CLANG_WARN_INFINITE_RECURSION = YES;
				CLANG_WARN_INT_CONVERSION = YES;
				CLANG_WARN_NON_LITERAL_NULL_CONVERSION = YES;
				CLANG_WARN_OBJC_IMPLICIT_RETAIN_SELF = YES;
				CLANG_WARN_OBJC_LITERAL_CONVERSION = YES;
				CLANG_WARN_OBJC_ROOT_CLASS = YES_ERROR;
				CLANG_WARN_QUOTED_INCLUDE_IN_FRAMEWORK_HEADER = YES;
				CLANG_WARN_RANGE_LOOP_ANALYSIS = YES;
				CLANG_WARN_STRICT_PROTOTYPES = YES;
				CLANG_WARN_SUSPICIOUS_MOVE = YES;
				CLANG_WARN_UNGUARDED_AVAILABILITY = YES_AGGRESSIVE;
				CLANG_WARN_UNREACHABLE_CODE = YES;
				CLANG_WARN__DUPLICATE_METHOD_MATCH = YES;
				COPY_PHASE_STRIP = NO;
				DEBUG_INFORMATION_FORMAT = "dwarf-with-dsym";
				ENABLE_NS_ASSERTIONS = NO;
				ENABLE_STRICT_OBJC_MSGSEND = YES;
				GCC_C_LANGUAGE_STANDARD = gnu11;
				GCC_NO_COMMON_BLOCKS = YES;
				GCC_WARN_64_TO_32_BIT_CONVERSION = YES;
				GCC_WARN_ABOUT_RETURN_TYPE = YES_ERROR;
				GCC_WARN_UNDECLARED_SELECTOR = YES;
				GCC_WARN_UNINITIALIZED_AUTOS = YES_AGGRESSIVE;
				GCC_WARN_UNUSED_FUNCTION = YES;
				GCC_WARN_UNUSED_VARIABLE = YES;
				IPHONEOS_DEPLOYMENT_TARGET = 14.4;
				MTL_ENABLE_DEBUG_INFO = NO;
				MTL_FAST_MATH = YES;
				SDKROOT = iphoneos;
				SWIFT_COMPILATION_MODE = wholemodule;
				SWIFT_OPTIMIZATION_LEVEL = "-O";
				VALIDATE_PRODUCT = YES;
			};
			name = Release;
		};
		A47D9518269C866D0021F725 /* Debug */ = {
			isa = XCBuildConfiguration;
			buildSettings = {
				ASSETCATALOG_COMPILER_APPICON_NAME = AppIcon;
				ASSETCATALOG_COMPILER_GLOBAL_ACCENT_COLOR_NAME = AccentColor;
				CODE_SIGN_STYLE = Automatic;
				DEVELOPMENT_ASSET_PATHS = "\"Travis Test/Preview Content\"";
				DEVELOPMENT_TEAM = TW9MN4DML4;
				ENABLE_PREVIEWS = YES;
				INFOPLIST_FILE = "Travis Test/Info.plist";
				LD_RUNPATH_SEARCH_PATHS = (
					"$(inherited)",
					"@executable_path/Frameworks",
				);
				PRODUCT_BUNDLE_IDENTIFIER = "com.scripps.Travis-Test";
				PRODUCT_NAME = "$(TARGET_NAME)";
				SWIFT_VERSION = 5.0;
				TARGETED_DEVICE_FAMILY = "1,2";
			};
			name = Debug;
		};
		A47D9519269C866D0021F725 /* Release */ = {
			isa = XCBuildConfiguration;
			buildSettings = {
				ASSETCATALOG_COMPILER_APPICON_NAME = AppIcon;
				ASSETCATALOG_COMPILER_GLOBAL_ACCENT_COLOR_NAME = AccentColor;
				CODE_SIGN_STYLE = Automatic;
				DEVELOPMENT_ASSET_PATHS = "\"Travis Test/Preview Content\"";
				DEVELOPMENT_TEAM = TW9MN4DML4;
				ENABLE_PREVIEWS = YES;
				INFOPLIST_FILE = "Travis Test/Info.plist";
				LD_RUNPATH_SEARCH_PATHS = (
					"$(inherited)",
					"@executable_path/Frameworks",
				);
				PRODUCT_BUNDLE_IDENTIFIER = "com.scripps.Travis-Test";
				PRODUCT_NAME = "$(TARGET_NAME)";
				SWIFT_VERSION = 5.0;
				TARGETED_DEVICE_FAMILY = "1,2";
			};
			name = Release;
		};
		A4AC5DF0269CBAD500817234 /* Debug */ = {
			isa = XCBuildConfiguration;
			buildSettings = {
				BUNDLE_LOADER = "$(TEST_HOST)";
				CODE_SIGN_STYLE = Automatic;
				DEVELOPMENT_TEAM = TW9MN4DML4;
				INFOPLIST_FILE = "Travis TestTests/Info.plist";
				LD_RUNPATH_SEARCH_PATHS = (
					"$(inherited)",
					"@executable_path/Frameworks",
					"@loader_path/Frameworks",
				);
				PRODUCT_BUNDLE_IDENTIFIER = "com.scripps.Travis-TestTests";
				PRODUCT_NAME = "$(TARGET_NAME)";
				SWIFT_VERSION = 5.0;
				TARGETED_DEVICE_FAMILY = "1,2";
				TEST_HOST = "$(BUILT_PRODUCTS_DIR)/Travis Test.app/Travis Test";
			};
			name = Debug;
		};
		A4AC5DF1269CBAD500817234 /* Release */ = {
			isa = XCBuildConfiguration;
			buildSettings = {
				BUNDLE_LOADER = "$(TEST_HOST)";
				CODE_SIGN_STYLE = Automatic;
				DEVELOPMENT_TEAM = TW9MN4DML4;
				INFOPLIST_FILE = "Travis TestTests/Info.plist";
				LD_RUNPATH_SEARCH_PATHS = (
					"$(inherited)",
					"@executable_path/Frameworks",
					"@loader_path/Frameworks",
				);
				PRODUCT_BUNDLE_IDENTIFIER = "com.scripps.Travis-TestTests";
				PRODUCT_NAME = "$(TARGET_NAME)";
				SWIFT_VERSION = 5.0;
				TARGETED_DEVICE_FAMILY = "1,2";
				TEST_HOST = "$(BUILT_PRODUCTS_DIR)/Travis Test.app/Travis Test";
			};
			name = Release;
		};
/* End XCBuildConfiguration section */

/* Begin XCConfigurationList section */
		A47D94FE269C866C0021F725 /* Build configuration list for PBXProject "Travis Test" */ = {
			isa = XCConfigurationList;
			buildConfigurations = (
				A47D9515269C866D0021F725 /* Debug */,
				A47D9516269C866D0021F725 /* Release */,
			);
			defaultConfigurationIsVisible = 0;
			defaultConfigurationName = Release;
		};
		A47D9517269C866D0021F725 /* Build configuration list for PBXNativeTarget "Travis Test" */ = {
			isa = XCConfigurationList;
			buildConfigurations = (
				A47D9518269C866D0021F725 /* Debug */,
				A47D9519269C866D0021F725 /* Release */,
			);
			defaultConfigurationIsVisible = 0;
			defaultConfigurationName = Release;
		};
		A4AC5DF2269CBAD500817234 /* Build configuration list for PBXNativeTarget "Travis TestTests" */ = {
			isa = XCConfigurationList;
			buildConfigurations = (
				A4AC5DF0269CBAD500817234 /* Debug */,
				A4AC5DF1269CBAD500817234 /* Release */,
			);
			defaultConfigurationIsVisible = 0;
			defaultConfigurationName = Release;
		};
/* End XCConfigurationList section */
	};
	rootObject = A47D94FB269C866C0021F725 /* Project object */;
}
